# Generated by buf. DO NOT EDIT.
version: v1
deps:
  - remote: buf.build
    owner: cncf
    repository: xds
    commit: ed1d3f62ca8047d7acf9f1dbaeee323a
  - remote: buf.build
    owner: envoyproxy
    repository: envoy
    commit: f2506a477f30468a8e60291ed0cba40a
  - remote: buf.build
    owner: envoyproxy
    repository: protoc-gen-validate
    commit: 6607b10f00ed4a3d98f906807131c44a
  - remote: buf.build
    owner: googleapis
    repository: googleapis
    commit: 5ae7f88519b04fe1965da0f8a375a088
  - remote: buf.build
    owner: opencensus
    repository: opencensus
    commit: bc2645b085534e4f8ebae3ef20088165
  - remote: buf.build
    owner: opentelemetry
    repository: opentelemetry
    commit: e47f1a1dbc0b4105ad048239f0d7aa52
  - remote: buf.build
    owner: prometheus
    repository: client-model
    commit: 55bcfe88c9e54edc9048a91656832525
