dependencies:
- name: prometheus
  repository: https://prometheus-community.github.io/helm-charts
  version: 23.1.0
- name: grafana
  repository: https://grafana.github.io/helm-charts
  version: 6.58.4
- name: envoy-gateway-helm
  repository: file://../gateway-helm
  version: v0.0.0-latest
digest: sha256:eaa36246fdaef11fd57f5a0b495e56e45cd882a2b7089e9e8e16041ab50748ff
generated: "2024-05-24T15:59:50.582884+08:00"
