dependencies:
- name: prometheus
  repository: https://prometheus-community.github.io/helm-charts
  version: 25.21.0
- name: grafana
  repository: https://grafana.github.io/helm-charts
  version: 10.3.1
- name: fluent-bit
  repository: https://fluent.github.io/helm-charts
  version: 0.30.4
- name: alloy
  repository: https://grafana.github.io/helm-charts
  version: 1.5.1
- name: loki
  repository: https://grafana.github.io/helm-charts
  version: 4.8.0
- name: tempo
  repository: https://grafana.github.io/helm-charts
  version: 1.3.1
- name: opentelemetry-collector
  repository: https://open-telemetry.github.io/opentelemetry-helm-charts
  version: 0.117.3
digest: sha256:1ed9c7145c6031441931a2b8a2563808fb9b6cf999290111ebf2c78fccac2ca3
generated: "2025-12-17T10:42:02.305261397Z"
