dependencies:
- name: prometheus
  repository: https://prometheus-community.github.io/helm-charts
  version: 25.21.0
- name: grafana
  repository: https://grafana.github.io/helm-charts
  version: 8.0.0
- name: fluent-bit
  repository: https://fluent.github.io/helm-charts
  version: 0.30.4
- name: alloy
  repository: https://grafana.github.io/helm-charts
  version: 0.9.2
- name: loki
  repository: https://grafana.github.io/helm-charts
  version: 4.8.0
- name: tempo
  repository: https://grafana.github.io/helm-charts
  version: 1.3.1
- name: opentelemetry-collector
  repository: https://open-telemetry.github.io/opentelemetry-helm-charts
  version: 0.117.3
digest: sha256:608111fd3d1ed5e0c0b7c3ae3d8648b5787752ae3326a15d9f6b4424d06fcc71
generated: "2025-03-08T11:22:35.034042+08:00"
