github.com/klauspost/compress v1.20.0 h1:a3C1ke2ohxFymNlb2HWAHjDeKCI90scRskErZkR0ezA=
github.com/klauspost/compress v1.20.0/go.mod h1:LUdAzn7YLVvxLpc7y3V1m40wESHTgc1422pwwBSKYuI=
github.com/molecule-man/go-brrr v1.0.1 h1:cEjgx8hgNw6UGdhQ94SPDbPkKuRbkUcxBO3IzbGpA/o=
github.com/molecule-man/go-brrr v1.0.1/go.mod h1:7ybW6/7gA3oKY45jOfVNjSJDtrr6ea4tzbsTkjmQDC4=
github.com/valyala/bytebufferpool v1.0.0 h1:GqA5TC/0021Y/b9FG4Oi9Mr3q7XYx6KllzawFIhcdPw=
github.com/valyala/bytebufferpool v1.0.0/go.mod h1:6bBcMArwyJ5K/AmCkWv1jt77kVWyCJ6HpOuEn7z0Csc=
github.com/valyala/fasthttp v1.74.0 h1:wMS9fnO2QTALozYx5pId2Vi7ZwU/epUkY8i/KPWCHoU=
github.com/valyala/fasthttp v1.74.0/go.mod h1:3ARmLamUcw7ElxVtC8PXaGzQ6VEuvnetlkrwIklQBSE=
golang.org/x/tools v0.30.0 h1:BgcpHewrV5AUp2G9MebG4XPFI1E2W41zU1SaqVA9vJY=
golang.org/x/tools v0.30.0/go.mod h1:c347cR/OJfw5TI+GfX7RUPNMdDRRbjvYTS0jPyvsVtY=
